
Microsoft Visual Studio Solution File, Format Version 12.00
# Visual Studio 15
VisualStudioVersion = 15.0.28307.1340
MinimumVisualStudioVersion = 10.0.40219.1
Project("{FAE04EC0-301F-11D3-BF4B-00C04F79EFBC}") = "ClientChatApp_001_YusufHardiNugroho", "ClientChatApp_001_YusufHardiNugroho\ClientChatApp_001_YusufHardiNugroho.csproj", "{399A6A10-B63C-46CE-AD1C-23D05B269998}"
EndProject
Global
	GlobalSection(SolutionConfigurationPlatforms) = preSolution
		Debug|Any CPU = Debug|Any CPU
		Release|Any CPU = Release|Any CPU
	EndGlobalSection
	GlobalSection(ProjectConfigurationPlatforms) = postSolution
		{399A6A10-B63C-46CE-AD1C-23D05B269998}.Debug|Any CPU.ActiveCfg = Debug|Any CPU
		{399A6A10-B63C-46CE-AD1C-23D05B269998}.Debug|Any CPU.Build.0 = Debug|Any CPU
		{399A6A10-B63C-46CE-AD1C-23D05B269998}.Release|Any CPU.ActiveCfg = Release|Any CPU
		{399A6A10-B63C-46CE-AD1C-23D05B269998}.Release|Any CPU.Build.0 = Release|Any CPU
	EndGlobalSection
	GlobalSection(SolutionProperties) = preSolution
		HideSolutionNode = FALSE
	EndGlobalSection
	GlobalSection(ExtensibilityGlobals) = postSolution
		SolutionGuid = {58F724DD-5777-49D0-B0A5-28C5464ABB97}
	EndGlobalSection
EndGlobal
